# This file is automatically @generated by Cargo.
# It is not intended for manual editing.
[[package]]
name = "shell-words"
version = "0.1.0"
source = "registry+https://github.com/rust-lang/crates.io-index"

[[package]]
name = "socksoggler"
version = "0.1.0"
dependencies = [
 "shell-words 0.1.0 (registry+https://github.com/rust-lang/crates.io-index)",
]

[metadata]
"checksum shell-words 0.1.0 (registry+https://github.com/rust-lang/crates.io-index)" = "39acde55a154c4cd3ae048ac78cc21c25f3a0145e44111b523279113dce0d94a"
